# THIS IS AN AUTOGENERATED FILE. DO NOT EDIT THIS FILE DIRECTLY.
# yarn lockfile v1


"@remix-run/router@1.15.1":
  version "1.15.1"
  resolved "https://registry.yarnpkg.com/@remix-run/router/-/router-1.15.1.tgz#221fd31a65186b9bc027b74573485fb3226dff7f"
  integrity sha512-zcU0gM3z+3iqj8UX45AmWY810l3oUmXM7uH4dt5xtzvMhRtYVhKGOmgOd1877dOPPepfCjUv57w+syamWIYe7w==

clsx@^2.1.0:
  version "2.1.0"
  resolved "https://registry.yarnpkg.com/clsx/-/clsx-2.1.0.tgz#e851283bcb5c80ee7608db18487433f7b23f77cb"
  integrity sha512-m3iNNWpd9rl3jvvcBnu70ylMdrXt8Vlq4HYadnU5fwcOtvkSQWPmj7amUcDT2qYI7risszBjI5AUIUox9D16pg==

react-router-dom@^6.22.0:
  version "6.22.1"
  resolved "https://registry.yarnpkg.com/react-router-dom/-/react-router-dom-6.22.1.tgz#cfa109d4b6b0a4d00bac179bc0ad2a6469455282"
  integrity sha512-iwMyyyrbL7zkKY7MRjOVRy+TMnS/OPusaFVxM2P11x9dzSzGmLsebkCvYirGq0DWB9K9hOspHYYtDz33gE5Duw==
  dependencies:
    "@remix-run/router" "1.15.1"
    react-router "6.22.1"

react-router@6.22.1:
  version "6.22.1"
  resolved "https://registry.yarnpkg.com/react-router/-/react-router-6.22.1.tgz#a5ff849bfe709438f7e139421bb28138209662c7"
  integrity sha512-0pdoRGwLtemnJqn1K0XHUbnKiX0S4X8CgvVVmHGOWmofESj31msHo/1YiqcJWK7Wxfq2a4uvvtS01KAQyWK/CQ==
  dependencies:
    "@remix-run/router" "1.15.1"

react-toastify@^10.0.4:
  version "10.0.4"
  resolved "https://registry.yarnpkg.com/react-toastify/-/react-toastify-10.0.4.tgz#6ecdbbf923a07fc45850e69b0566efc7bf733283"
  integrity sha512-etR3RgueY8pe88SA67wLm8rJmL1h+CLqUGHuAoNsseW35oTGJEri6eBTyaXnFKNQ80v/eO10hBYLgz036XRGgA==
  dependencies:
    clsx "^2.1.0"
